{
  "name": "yuyan",
  "lockfileVersion": 3,
  "requires": true,
  "packages": {
    "": {
      "dependencies": {
        "strftime": "^0.10.2"
      }
    },
    "node_modules/strftime": {
      "version": "0.10.2",
      "resolved": "https://registry.npmjs.org/strftime/-/strftime-0.10.2.tgz",
      "integrity": "sha512-Y6IZaTVM80chcMe7j65Gl/0nmlNdtt+KWPle5YeCAjmsBfw+id2qdaJ5MDrxUq+OmHKab+jHe7mUjU/aNMSZZg==",
      "engines": {
        "node": ">=0.2.0"
      }
    }
  }
}
